// !$*UTF8*$!
{
	archiveVersion = 1;
	classes = {
	};
	objectVersion = 50;
	objects = {

/* Begin PBXBuildFile section */
		6527AA2F221DAD8000144C80 /* mine@3x.png in Resources */ = {isa = PBXBuildFile; fileRef = 6527AA2D221DAD8000144C80 /* mine@3x.png */; };
		6527AA30221DAD8000144C80 /* mine@2x.png in Resources */ = {isa = PBXBuildFile; fileRef = 6527AA2E221DAD8000144C80 /* mine@2x.png */; };
		6527AA32221DAD9C00144C80 /* TestBundle.bundle in Resources */ = {isa = PBXBuildFile; fileRef = 6527AA31221DAD9C00144C80 /* TestBundle.bundle */; };
		6527AA3A221DCD8800144C80 /* AppDelegate.swift in Sources */ = {isa = PBXBuildFile; fileRef = 6527AA39221DCD8800144C80 /* AppDelegate.swift */; };
		6527AA3C221DCD8800144C80 /* ViewController.swift in Sources */ = {isa = PBXBuildFile; fileRef = 6527AA3B221DCD8800144C80 /* ViewController.swift */; };
		6527AA3F221DCD8800144C80 /* Main.storyboard in Resources */ = {isa = PBXBuildFile; fileRef = 6527AA3D221DCD8800144C80 /* Main.storyboard */; };
		6527AA41221DCD8900144C80 /* Assets.xcassets in Resources */ = {isa = PBXBuildFile; fileRef = 6527AA40221DCD8900144C80 /* Assets.xcassets */; };
		6527AA44221DCD8900144C80 /* LaunchScreen.storyboard in Resources */ = {isa = PBXBuildFile; fileRef = 6527AA42221DCD8900144C80 /* LaunchScreen.storyboard */; };
		6527AA4A221DCDB300144C80 /* User.storyboard in Resources */ = {isa = PBXBuildFile; fileRef = 6527AA49221DCDB300144C80 /* User.storyboard */; };
		6527AA4C221DCE0300144C80 /* SettingController.swift in Sources */ = {isa = PBXBuildFile; fileRef = 6527AA4B221DCE0300144C80 /* SettingController.swift */; };
		6527AA4E221DCE1400144C80 /* ProfileController.swift in Sources */ = {isa = PBXBuildFile; fileRef = 6527AA4D221DCE1400144C80 /* ProfileController.swift */; };
		655F19C2221DA0AB00CDEF66 /* AppDelegate.swift in Sources */ = {isa = PBXBuildFile; fileRef = 655F19C1221DA0AB00CDEF66 /* AppDelegate.swift */; };
		655F19C4221DA0AB00CDEF66 /* ViewController.swift in Sources */ = {isa = PBXBuildFile; fileRef = 655F19C3221DA0AB00CDEF66 /* ViewController.swift */; };
		655F19C7221DA0AB00CDEF66 /* Main.storyboard in Resources */ = {isa = PBXBuildFile; fileRef = 655F19C5221DA0AB00CDEF66 /* Main.storyboard */; };
		655F19C9221DA0AC00CDEF66 /* Assets.xcassets in Resources */ = {isa = PBXBuildFile; fileRef = 655F19C8221DA0AC00CDEF66 /* Assets.xcassets */; };
		655F19CC221DA0AC00CDEF66 /* LaunchScreen.storyboard in Resources */ = {isa = PBXBuildFile; fileRef = 655F19CA221DA0AC00CDEF66 /* LaunchScreen.storyboard */; };
		6568008B221C9149009EEC96 /* AppDelegate.swift in Sources */ = {isa = PBXBuildFile; fileRef = 6568008A221C9149009EEC96 /* AppDelegate.swift */; };
		6568008D221C9149009EEC96 /* ViewController.swift in Sources */ = {isa = PBXBuildFile; fileRef = 6568008C221C9149009EEC96 /* ViewController.swift */; };
		65680090221C9149009EEC96 /* Main.storyboard in Resources */ = {isa = PBXBuildFile; fileRef = 6568008E221C9149009EEC96 /* Main.storyboard */; };
		65680092221C914A009EEC96 /* Assets.xcassets in Resources */ = {isa = PBXBuildFile; fileRef = 65680091221C914A009EEC96 /* Assets.xcassets */; };
		65680095221C914A009EEC96 /* LaunchScreen.storyboard in Resources */ = {isa = PBXBuildFile; fileRef = 65680093221C914A009EEC96 /* LaunchScreen.storyboard */; };
		656800A3221CA1BC009EEC96 /* ToolBar.swift in Sources */ = {isa = PBXBuildFile; fileRef = 656800A2221CA1BC009EEC96 /* ToolBar.swift */; };
		656800A5221CA1CC009EEC96 /* ToolBar.xib in Resources */ = {isa = PBXBuildFile; fileRef = 656800A4221CA1CC009EEC96 /* ToolBar.xib */; };
		65E62932221F9B1E00D46BD8 /* AppDelegate.swift in Sources */ = {isa = PBXBuildFile; fileRef = 65E62931221F9B1E00D46BD8 /* AppDelegate.swift */; };
		65E62934221F9B1E00D46BD8 /* ViewController.swift in Sources */ = {isa = PBXBuildFile; fileRef = 65E62933221F9B1E00D46BD8 /* ViewController.swift */; };
		65E62937221F9B1E00D46BD8 /* Main.storyboard in Resources */ = {isa = PBXBuildFile; fileRef = 65E62935221F9B1E00D46BD8 /* Main.storyboard */; };
		65E62939221F9B2000D46BD8 /* Assets.xcassets in Resources */ = {isa = PBXBuildFile; fileRef = 65E62938221F9B2000D46BD8 /* Assets.xcassets */; };
		65E6293C221F9B2000D46BD8 /* LaunchScreen.storyboard in Resources */ = {isa = PBXBuildFile; fileRef = 65E6293A221F9B2000D46BD8 /* LaunchScreen.storyboard */; };
		65E629B422210D1D00D46BD8 /* AppDelegate.swift in Sources */ = {isa = PBXBuildFile; fileRef = 65E629B322210D1D00D46BD8 /* AppDelegate.swift */; };
		65E629B622210D1D00D46BD8 /* ViewController.swift in Sources */ = {isa = PBXBuildFile; fileRef = 65E629B522210D1D00D46BD8 /* ViewController.swift */; };
		65E629B922210D1D00D46BD8 /* Main.storyboard in Resources */ = {isa = PBXBuildFile; fileRef = 65E629B722210D1D00D46BD8 /* Main.storyboard */; };
		65E629BB22210D1E00D46BD8 /* Assets.xcassets in Resources */ = {isa = PBXBuildFile; fileRef = 65E629BA22210D1E00D46BD8 /* Assets.xcassets */; };
		65E629BE22210D1E00D46BD8 /* LaunchScreen.storyboard in Resources */ = {isa = PBXBuildFile; fileRef = 65E629BC22210D1E00D46BD8 /* LaunchScreen.storyboard */; };
		65E629C4222185B200D46BD8 /* Note.strings in Resources */ = {isa = PBXBuildFile; fileRef = 65E629C3222185B200D46BD8 /* Note.strings */; };
		65F57302221EE80E007D7541 /* AppDelegate.swift in Sources */ = {isa = PBXBuildFile; fileRef = 65F57301221EE80E007D7541 /* AppDelegate.swift */; };
		65F57304221EE80E007D7541 /* ViewController.swift in Sources */ = {isa = PBXBuildFile; fileRef = 65F57303221EE80E007D7541 /* ViewController.swift */; };
		65F57309221EE810007D7541 /* Assets.xcassets in Resources */ = {isa = PBXBuildFile; fileRef = 65F57308221EE810007D7541 /* Assets.xcassets */; };
		65F5730C221EE810007D7541 /* LaunchScreen.storyboard in Resources */ = {isa = PBXBuildFile; fileRef = 65F5730A221EE810007D7541 /* LaunchScreen.storyboard */; };
		65F57312221EE875007D7541 /* ViewController.xib in Resources */ = {isa = PBXBuildFile; fileRef = 65F57311221EE875007D7541 /* ViewController.xib */; };
		65F57314221EF094007D7541 /* TestCell.swift in Sources */ = {isa = PBXBuildFile; fileRef = 65F57313221EF094007D7541 /* TestCell.swift */; };
		65F57316221EF0C6007D7541 /* TestCell.xib in Resources */ = {isa = PBXBuildFile; fileRef = 65F57315221EF0C6007D7541 /* TestCell.xib */; };
		65F57318221F1A3D007D7541 /* NewAssets.xcassets in Resources */ = {isa = PBXBuildFile; fileRef = 65F57317221F1A3D007D7541 /* NewAssets.xcassets */; };
/* End PBXBuildFile section */

/* Begin PBXFileReference section */
		6527AA2D221DAD8000144C80 /* mine@3x.png */ = {isa = PBXFileReference; lastKnownFileType = image.png; path = "mine@3x.png"; sourceTree = "<group>"; };
		6527AA2E221DAD8000144C80 /* mine@2x.png */ = {isa = PBXFileReference; lastKnownFileType = image.png; path = "mine@2x.png"; sourceTree = "<group>"; };
		6527AA31221DAD9C00144C80 /* TestBundle.bundle */ = {isa = PBXFileReference; lastKnownFileType = "wrapper.plug-in"; path = TestBundle.bundle; sourceTree = "<group>"; };
		6527AA37221DCD8800144C80 /* UserDemo.app */ = {isa = PBXFileReference; explicitFileType = wrapper.application; includeInIndex = 0; path = UserDemo.app; sourceTree = BUILT_PRODUCTS_DIR; };
		6527AA39221DCD8800144C80 /* AppDelegate.swift */ = {isa = PBXFileReference; lastKnownFileType = sourcecode.swift; path = AppDelegate.swift; sourceTree = "<group>"; };
		6527AA3B221DCD8800144C80 /* ViewController.swift */ = {isa = PBXFileReference; lastKnownFileType = sourcecode.swift; path = ViewController.swift; sourceTree = "<group>"; };
		6527AA3E221DCD8800144C80 /* Base */ = {isa = PBXFileReference; lastKnownFileType = file.storyboard; name = Base; path = Base.lproj/Main.storyboard; sourceTree = "<group>"; };
		6527AA40221DCD8900144C80 /* Assets.xcassets */ = {isa = PBXFileReference; lastKnownFileType = folder.assetcatalog; path = Assets.xcassets; sourceTree = "<group>"; };
		6527AA43221DCD8900144C80 /* Base */ = {isa = PBXFileReference; lastKnownFileType = file.storyboard; name = Base; path = Base.lproj/LaunchScreen.storyboard; sourceTree = "<group>"; };
		6527AA45221DCD8900144C80 /* Info.plist */ = {isa = PBXFileReference; lastKnownFileType = text.plist.xml; path = Info.plist; sourceTree = "<group>"; };
		6527AA49221DCDB300144C80 /* User.storyboard */ = {isa = PBXFileReference; lastKnownFileType = file.storyboard; path = User.storyboard; sourceTree = "<group>"; };
		6527AA4B221DCE0300144C80 /* SettingController.swift */ = {isa = PBXFileReference; lastKnownFileType = sourcecode.swift; path = SettingController.swift; sourceTree = "<group>"; };
		6527AA4D221DCE1400144C80 /* ProfileController.swift */ = {isa = PBXFileReference; lastKnownFileType = sourcecode.swift; path = ProfileController.swift; sourceTree = "<group>"; };
		655F19BF221DA0AB00CDEF66 /* BannerDemo.app */ = {isa = PBXFileReference; explicitFileType = wrapper.application; includeInIndex = 0; path = BannerDemo.app; sourceTree = BUILT_PRODUCTS_DIR; };
		655F19C1221DA0AB00CDEF66 /* AppDelegate.swift */ = {isa = PBXFileReference; lastKnownFileType = sourcecode.swift; path = AppDelegate.swift; sourceTree = "<group>"; };
		655F19C3221DA0AB00CDEF66 /* ViewController.swift */ = {isa = PBXFileReference; lastKnownFileType = sourcecode.swift; path = ViewController.swift; sourceTree = "<group>"; };
		655F19C6221DA0AB00CDEF66 /* Base */ = {isa = PBXFileReference; lastKnownFileType = file.storyboard; name = Base; path = Base.lproj/Main.storyboard; sourceTree = "<group>"; };
		655F19C8221DA0AC00CDEF66 /* Assets.xcassets */ = {isa = PBXFileReference; lastKnownFileType = folder.assetcatalog; path = Assets.xcassets; sourceTree = "<group>"; };
		655F19CB221DA0AC00CDEF66 /* Base */ = {isa = PBXFileReference; lastKnownFileType = file.storyboard; name = Base; path = Base.lproj/LaunchScreen.storyboard; sourceTree = "<group>"; };
		655F19CD221DA0AC00CDEF66 /* Info.plist */ = {isa = PBXFileReference; lastKnownFileType = text.plist.xml; path = Info.plist; sourceTree = "<group>"; };
		655F19DB221DA80C00CDEF66 /* TestBundle.bundle */ = {isa = PBXFileReference; explicitFileType = wrapper.cfbundle; includeInIndex = 0; path = TestBundle.bundle; sourceTree = BUILT_PRODUCTS_DIR; };
		65680088221C9149009EEC96 /* ToolBarDemo.app */ = {isa = PBXFileReference; explicitFileType = wrapper.application; includeInIndex = 0; path = ToolBarDemo.app; sourceTree = BUILT_PRODUCTS_DIR; };
		6568008A221C9149009EEC96 /* AppDelegate.swift */ = {isa = PBXFileReference; lastKnownFileType = sourcecode.swift; path = AppDelegate.swift; sourceTree = "<group>"; };
		6568008C221C9149009EEC96 /* ViewController.swift */ = {isa = PBXFileReference; lastKnownFileType = sourcecode.swift; path = ViewController.swift; sourceTree = "<group>"; };
		6568008F221C9149009EEC96 /* Base */ = {isa = PBXFileReference; lastKnownFileType = file.storyboard; name = Base; path = Base.lproj/Main.storyboard; sourceTree = "<group>"; };
		65680091221C914A009EEC96 /* Assets.xcassets */ = {isa = PBXFileReference; lastKnownFileType = folder.assetcatalog; path = Assets.xcassets; sourceTree = "<group>"; };
		65680094221C914A009EEC96 /* Base */ = {isa = PBXFileReference; lastKnownFileType = file.storyboard; name = Base; path = Base.lproj/LaunchScreen.storyboard; sourceTree = "<group>"; };
		65680096221C914A009EEC96 /* Info.plist */ = {isa = PBXFileReference; lastKnownFileType = text.plist.xml; path = Info.plist; sourceTree = "<group>"; };
		656800A2221CA1BC009EEC96 /* ToolBar.swift */ = {isa = PBXFileReference; lastKnownFileType = sourcecode.swift; path = ToolBar.swift; sourceTree = "<group>"; };
		656800A4221CA1CC009EEC96 /* ToolBar.xib */ = {isa = PBXFileReference; lastKnownFileType = file.xib; path = ToolBar.xib; sourceTree = "<group>"; };
		65E6292F221F9B1D00D46BD8 /* CallDemo.app */ = {isa = PBXFileReference; explicitFileType = wrapper.application; includeInIndex = 0; path = CallDemo.app; sourceTree = BUILT_PRODUCTS_DIR; };
		65E62931221F9B1E00D46BD8 /* AppDelegate.swift */ = {isa = PBXFileReference; lastKnownFileType = sourcecode.swift; path = AppDelegate.swift; sourceTree = "<group>"; };
		65E62933221F9B1E00D46BD8 /* ViewController.swift */ = {isa = PBXFileReference; lastKnownFileType = sourcecode.swift; path = ViewController.swift; sourceTree = "<group>"; };
		65E62936221F9B1E00D46BD8 /* Base */ = {isa = PBXFileReference; lastKnownFileType = file.storyboard; name = Base; path = Base.lproj/Main.storyboard; sourceTree = "<group>"; };
		65E62938221F9B2000D46BD8 /* Assets.xcassets */ = {isa = PBXFileReference; lastKnownFileType = folder.assetcatalog; path = Assets.xcassets; sourceTree = "<group>"; };
		65E6293B221F9B2000D46BD8 /* Base */ = {isa = PBXFileReference; lastKnownFileType = file.storyboard; name = Base; path = Base.lproj/LaunchScreen.storyboard; sourceTree = "<group>"; };
		65E6293D221F9B2000D46BD8 /* Info.plist */ = {isa = PBXFileReference; lastKnownFileType = text.plist.xml; path = Info.plist; sourceTree = "<group>"; };
		65E629B122210D1D00D46BD8 /* ScrollViewDemo.app */ = {isa = PBXFileReference; explicitFileType = wrapper.application; includeInIndex = 0; path = ScrollViewDemo.app; sourceTree = BUILT_PRODUCTS_DIR; };
		65E629B322210D1D00D46BD8 /* AppDelegate.swift */ = {isa = PBXFileReference; lastKnownFileType = sourcecode.swift; path = AppDelegate.swift; sourceTree = "<group>"; };
		65E629B522210D1D00D46BD8 /* ViewController.swift */ = {isa = PBXFileReference; lastKnownFileType = sourcecode.swift; path = ViewController.swift; sourceTree = "<group>"; };
		65E629B822210D1D00D46BD8 /* Base */ = {isa = PBXFileReference; lastKnownFileType = file.storyboard; name = Base; path = Base.lproj/Main.storyboard; sourceTree = "<group>"; };
		65E629BA22210D1E00D46BD8 /* Assets.xcassets */ = {isa = PBXFileReference; lastKnownFileType = folder.assetcatalog; path = Assets.xcassets; sourceTree = "<group>"; };
		65E629BD22210D1E00D46BD8 /* Base */ = {isa = PBXFileReference; lastKnownFileType = file.storyboard; name = Base; path = Base.lproj/LaunchScreen.storyboard; sourceTree = "<group>"; };
		65E629BF22210D1E00D46BD8 /* Info.plist */ = {isa = PBXFileReference; lastKnownFileType = text.plist.xml; path = Info.plist; sourceTree = "<group>"; };
		65E629C3222185B200D46BD8 /* Note.strings */ = {isa = PBXFileReference; lastKnownFileType = text.plist.strings; path = Note.strings; sourceTree = "<group>"; };
		65F572FF221EE80E007D7541 /* XibTableDemo.app */ = {isa = PBXFileReference; explicitFileType = wrapper.application; includeInIndex = 0; path = XibTableDemo.app; sourceTree = BUILT_PRODUCTS_DIR; };
		65F57301221EE80E007D7541 /* AppDelegate.swift */ = {isa = PBXFileReference; lastKnownFileType = sourcecode.swift; path = AppDelegate.swift; sourceTree = "<group>"; };
		65F57303221EE80E007D7541 /* ViewController.swift */ = {isa = PBXFileReference; lastKnownFileType = sourcecode.swift; path = ViewController.swift; sourceTree = "<group>"; };
		65F57308221EE810007D7541 /* Assets.xcassets */ = {isa = PBXFileReference; lastKnownFileType = folder.assetcatalog; path = Assets.xcassets; sourceTree = "<group>"; };
		65F5730B221EE810007D7541 /* Base */ = {isa = PBXFileReference; lastKnownFileType = file.storyboard; name = Base; path = Base.lproj/LaunchScreen.storyboard; sourceTree = "<group>"; };
		65F5730D221EE810007D7541 /* Info.plist */ = {isa = PBXFileReference; lastKnownFileType = text.plist.xml; path = Info.plist; sourceTree = "<group>"; };
		65F57311221EE875007D7541 /* ViewController.xib */ = {isa = PBXFileReference; lastKnownFileType = file.xib; path = ViewController.xib; sourceTree = "<group>"; };
		65F57313221EF094007D7541 /* TestCell.swift */ = {isa = PBXFileReference; lastKnownFileType = sourcecode.swift; path = TestCell.swift; sourceTree = "<group>"; };
		65F57315221EF0C6007D7541 /* TestCell.xib */ = {isa = PBXFileReference; lastKnownFileType = file.xib; path = TestCell.xib; sourceTree = "<group>"; };
		65F57317221F1A3D007D7541 /* NewAssets.xcassets */ = {isa = PBXFileReference; lastKnownFileType = folder.assetcatalog; path = NewAssets.xcassets; sourceTree = "<group>"; };
/* End PBXFileReference section */

/* Begin PBXFrameworksBuildPhase section */
		6527AA34221DCD8800144C80 /* Frameworks */ = {
			isa = PBXFrameworksBuildPhase;
			buildActionMask = 2147483647;
			files = (
			);
			runOnlyForDeploymentPostprocessing = 0;
		};
		655F19BC221DA0AB00CDEF66 /* Frameworks */ = {
			isa = PBXFrameworksBuildPhase;
			buildActionMask = 2147483647;
			files = (
			);
			runOnlyForDeploymentPostprocessing = 0;
		};
		655F19D8221DA80C00CDEF66 /* Frameworks */ = {
			isa = PBXFrameworksBuildPhase;
			buildActionMask = 2147483647;
			files = (
			);
			runOnlyForDeploymentPostprocessing = 0;
		};
		65680085221C9149009EEC96 /* Frameworks */ = {
			isa = PBXFrameworksBuildPhase;
			buildActionMask = 2147483647;
			files = (
			);
			runOnlyForDeploymentPostprocessing = 0;
		};
		65E6292C221F9B1D00D46BD8 /* Frameworks */ = {
			isa = PBXFrameworksBuildPhase;
			buildActionMask = 2147483647;
			files = (
			);
			runOnlyForDeploymentPostprocessing = 0;
		};
		65E629AE22210D1D00D46BD8 /* Frameworks */ = {
			isa = PBXFrameworksBuildPhase;
			buildActionMask = 2147483647;
			files = (
			);
			runOnlyForDeploymentPostprocessing = 0;
		};
		65F572FC221EE80E007D7541 /* Frameworks */ = {
			isa = PBXFrameworksBuildPhase;
			buildActionMask = 2147483647;
			files = (
			);
			runOnlyForDeploymentPostprocessing = 0;
		};
/* End PBXFrameworksBuildPhase section */

/* Begin PBXGroup section */
		6527AA38221DCD8800144C80 /* UserDemo */ = {
			isa = PBXGroup;
			children = (
				6527AA39221DCD8800144C80 /* AppDelegate.swift */,
				6527AA3B221DCD8800144C80 /* ViewController.swift */,
				6527AA3D221DCD8800144C80 /* Main.storyboard */,
				6527AA40221DCD8900144C80 /* Assets.xcassets */,
				6527AA42221DCD8900144C80 /* LaunchScreen.storyboard */,
				6527AA45221DCD8900144C80 /* Info.plist */,
				6527AA49221DCDB300144C80 /* User.storyboard */,
				6527AA4B221DCE0300144C80 /* SettingController.swift */,
				6527AA4D221DCE1400144C80 /* ProfileController.swift */,
			);
			path = UserDemo;
			sourceTree = "<group>";
		};
		655F19C0221DA0AB00CDEF66 /* BannerDemo */ = {
			isa = PBXGroup;
			children = (
				6527AA31221DAD9C00144C80 /* TestBundle.bundle */,
				655F19C1221DA0AB00CDEF66 /* AppDelegate.swift */,
				655F19C3221DA0AB00CDEF66 /* ViewController.swift */,
				655F19C5221DA0AB00CDEF66 /* Main.storyboard */,
				655F19C8221DA0AC00CDEF66 /* Assets.xcassets */,
				655F19CA221DA0AC00CDEF66 /* LaunchScreen.storyboard */,
				655F19CD221DA0AC00CDEF66 /* Info.plist */,
			);
			path = BannerDemo;
			sourceTree = "<group>";
		};
		655F19DC221DA80C00CDEF66 /* TestBundle */ = {
			isa = PBXGroup;
			children = (
				6527AA2E221DAD8000144C80 /* mine@2x.png */,
				6527AA2D221DAD8000144C80 /* mine@3x.png */,
			);
			path = TestBundle;
			sourceTree = "<group>";
		};
		65680066221C8F0C009EEC96 = {
			isa = PBXGroup;
			children = (
				65680089221C9149009EEC96 /* ToolBarDemo */,
				655F19C0221DA0AB00CDEF66 /* BannerDemo */,
				655F19DC221DA80C00CDEF66 /* TestBundle */,
				6527AA38221DCD8800144C80 /* UserDemo */,
				65F57300221EE80E007D7541 /* XibTableDemo */,
				65E62930221F9B1E00D46BD8 /* CallDemo */,
				65E629B222210D1D00D46BD8 /* ScrollViewDemo */,
				65680070221C8F0C009EEC96 /* Products */,
			);
			sourceTree = "<group>";
		};
		65680070221C8F0C009EEC96 /* Products */ = {
			isa = PBXGroup;
			children = (
				65680088221C9149009EEC96 /* ToolBarDemo.app */,
				655F19BF221DA0AB00CDEF66 /* BannerDemo.app */,
				655F19DB221DA80C00CDEF66 /* TestBundle.bundle */,
				6527AA37221DCD8800144C80 /* UserDemo.app */,
				65F572FF221EE80E007D7541 /* XibTableDemo.app */,
				65E6292F221F9B1D00D46BD8 /* CallDemo.app */,
				65E629B122210D1D00D46BD8 /* ScrollViewDemo.app */,
			);
			name = Products;
			sourceTree = "<group>";
		};
		65680089221C9149009EEC96 /* ToolBarDemo */ = {
			isa = PBXGroup;
			children = (
				6568008A221C9149009EEC96 /* AppDelegate.swift */,
				6568008C221C9149009EEC96 /* ViewController.swift */,
				6568008E221C9149009EEC96 /* Main.storyboard */,
				65680091221C914A009EEC96 /* Assets.xcassets */,
				65680093221C914A009EEC96 /* LaunchScreen.storyboard */,
				65680096221C914A009EEC96 /* Info.plist */,
				656800A2221CA1BC009EEC96 /* ToolBar.swift */,
				656800A4221CA1CC009EEC96 /* ToolBar.xib */,
			);
			path = ToolBarDemo;
			sourceTree = "<group>";
		};
		65E62930221F9B1E00D46BD8 /* CallDemo */ = {
			isa = PBXGroup;
			children = (
				65E62931221F9B1E00D46BD8 /* AppDelegate.swift */,
				65E62933221F9B1E00D46BD8 /* ViewController.swift */,
				65E62935221F9B1E00D46BD8 /* Main.storyboard */,
				65E62938221F9B2000D46BD8 /* Assets.xcassets */,
				65E6293A221F9B2000D46BD8 /* LaunchScreen.storyboard */,
				65E6293D221F9B2000D46BD8 /* Info.plist */,
			);
			path = CallDemo;
			sourceTree = "<group>";
		};
		65E629B222210D1D00D46BD8 /* ScrollViewDemo */ = {
			isa = PBXGroup;
			children = (
				65E629B322210D1D00D46BD8 /* AppDelegate.swift */,
				65E629B522210D1D00D46BD8 /* ViewController.swift */,
				65E629B722210D1D00D46BD8 /* Main.storyboard */,
				65E629BA22210D1E00D46BD8 /* Assets.xcassets */,
				65E629BC22210D1E00D46BD8 /* LaunchScreen.storyboard */,
				65E629BF22210D1E00D46BD8 /* Info.plist */,
				65E629C3222185B200D46BD8 /* Note.strings */,
			);
			path = ScrollViewDemo;
			sourceTree = "<group>";
		};
		65F57300221EE80E007D7541 /* XibTableDemo */ = {
			isa = PBXGroup;
			children = (
				65F57301221EE80E007D7541 /* AppDelegate.swift */,
				65F57303221EE80E007D7541 /* ViewController.swift */,
				65F57311221EE875007D7541 /* ViewController.xib */,
				65F57308221EE810007D7541 /* Assets.xcassets */,
				65F57317221F1A3D007D7541 /* NewAssets.xcassets */,
				65F5730A221EE810007D7541 /* LaunchScreen.storyboard */,
				65F5730D221EE810007D7541 /* Info.plist */,
				65F57313221EF094007D7541 /* TestCell.swift */,
				65F57315221EF0C6007D7541 /* TestCell.xib */,
			);
			path = XibTableDemo;
			sourceTree = "<group>";
		};
/* End PBXGroup section */

/* Begin PBXNativeTarget section */
		6527AA36221DCD8800144C80 /* UserDemo */ = {
			isa = PBXNativeTarget;
			buildConfigurationList = 6527AA46221DCD8900144C80 /* Build configuration list for PBXNativeTarget "UserDemo" */;
			buildPhases = (
				6527AA33221DCD8800144C80 /* Sources */,
				6527AA34221DCD8800144C80 /* Frameworks */,
				6527AA35221DCD8800144C80 /* Resources */,
			);
			buildRules = (
			);
			dependencies = (
			);
			name = UserDemo;
			productName = UserDemo;
			productReference = 6527AA37221DCD8800144C80 /* UserDemo.app */;
			productType = "com.apple.product-type.application";
		};
		655F19BE221DA0AB00CDEF66 /* BannerDemo */ = {
			isa = PBXNativeTarget;
			buildConfigurationList = 655F19CE221DA0AC00CDEF66 /* Build configuration list for PBXNativeTarget "BannerDemo" */;
			buildPhases = (
				655F19BB221DA0AB00CDEF66 /* Sources */,
				655F19BC221DA0AB00CDEF66 /* Frameworks */,
				655F19BD221DA0AB00CDEF66 /* Resources */,
			);
			buildRules = (
			);
			dependencies = (
			);
			name = BannerDemo;
			productName = BannerDemo;
			productReference = 655F19BF221DA0AB00CDEF66 /* BannerDemo.app */;
			productType = "com.apple.product-type.application";
		};
		655F19DA221DA80C00CDEF66 /* TestBundle */ = {
			isa = PBXNativeTarget;
			buildConfigurationList = 655F19DE221DA80C00CDEF66 /* Build configuration list for PBXNativeTarget "TestBundle" */;
			buildPhases = (
				655F19D7221DA80C00CDEF66 /* Sources */,
				655F19D8221DA80C00CDEF66 /* Frameworks */,
				655F19D9221DA80C00CDEF66 /* Resources */,
			);
			buildRules = (
			);
			dependencies = (
			);
			name = TestBundle;
			productName = TestBundle;
			productReference = 655F19DB221DA80C00CDEF66 /* TestBundle.bundle */;
			productType = "com.apple.product-type.bundle";
		};
		65680087221C9149009EEC96 /* ToolBarDemo */ = {
			isa = PBXNativeTarget;
			buildConfigurationList = 65680097221C914A009EEC96 /* Build configuration list for PBXNativeTarget "ToolBarDemo" */;
			buildPhases = (
				65680084221C9149009EEC96 /* Sources */,
				65680085221C9149009EEC96 /* Frameworks */,
				65680086221C9149009EEC96 /* Resources */,
			);
			buildRules = (
			);
			dependencies = (
			);
			name = ToolBarDemo;
			productName = ToolBarDemo;
			productReference = 65680088221C9149009EEC96 /* ToolBarDemo.app */;
			productType = "com.apple.product-type.application";
		};
		65E6292E221F9B1D00D46BD8 /* CallDemo */ = {
			isa = PBXNativeTarget;
			buildConfigurationList = 65E62940221F9B2000D46BD8 /* Build configuration list for PBXNativeTarget "CallDemo" */;
			buildPhases = (
				65E6292B221F9B1D00D46BD8 /* Sources */,
				65E6292C221F9B1D00D46BD8 /* Frameworks */,
				65E6292D221F9B1D00D46BD8 /* Resources */,
			);
			buildRules = (
			);
			dependencies = (
			);
			name = CallDemo;
			productName = CallDemo;
			productReference = 65E6292F221F9B1D00D46BD8 /* CallDemo.app */;
			productType = "com.apple.product-type.application";
		};
		65E629B022210D1D00D46BD8 /* ScrollViewDemo */ = {
			isa = PBXNativeTarget;
			buildConfigurationList = 65E629C022210D1E00D46BD8 /* Build configuration list for PBXNativeTarget "ScrollViewDemo" */;
			buildPhases = (
				65E629AD22210D1D00D46BD8 /* Sources */,
				65E629AE22210D1D00D46BD8 /* Frameworks */,
				65E629AF22210D1D00D46BD8 /* Resources */,
			);
			buildRules = (
			);
			dependencies = (
			);
			name = ScrollViewDemo;
			productName = ScrollViewDemo;
			productReference = 65E629B122210D1D00D46BD8 /* ScrollViewDemo.app */;
			productType = "com.apple.product-type.application";
		};
		65F572FE221EE80E007D7541 /* XibTableDemo */ = {
			isa = PBXNativeTarget;
			buildConfigurationList = 65F57310221EE810007D7541 /* Build configuration list for PBXNativeTarget "XibTableDemo" */;
			buildPhases = (
				65F572FB221EE80E007D7541 /* Sources */,
				65F572FC221EE80E007D7541 /* Frameworks */,
				65F572FD221EE80E007D7541 /* Resources */,
			);
			buildRules = (
			);
			dependencies = (
			);
			name = XibTableDemo;
			productName = XibTableDemo;
			productReference = 65F572FF221EE80E007D7541 /* XibTableDemo.app */;
			productType = "com.apple.product-type.application";
		};
/* End PBXNativeTarget section */

/* Begin PBXProject section */
		65680067221C8F0C009EEC96 /* Project object */ = {
			isa = PBXProject;
			attributes = {
				LastSwiftUpdateCheck = 1010;
				LastUpgradeCheck = 1010;
				ORGANIZATIONNAME = "Yi Zhang";
				TargetAttributes = {
					6527AA36221DCD8800144C80 = {
						CreatedOnToolsVersion = 10.1;
					};
					655F19BE221DA0AB00CDEF66 = {
						CreatedOnToolsVersion = 10.1;
					};
					655F19DA221DA80C00CDEF66 = {
						CreatedOnToolsVersion = 10.1;
					};
					65680087221C9149009EEC96 = {
						CreatedOnToolsVersion = 10.1;
					};
					65E6292E221F9B1D00D46BD8 = {
						CreatedOnToolsVersion = 10.1;
					};
					65E629B022210D1D00D46BD8 = {
						CreatedOnToolsVersion = 10.1;
					};
					65F572FE221EE80E007D7541 = {
						CreatedOnToolsVersion = 10.1;
					};
				};
			};
			buildConfigurationList = 6568006A221C8F0C009EEC96 /* Build configuration list for PBXProject "iOS_UI_Demos" */;
			compatibilityVersion = "Xcode 9.3";
			developmentRegion = en;
			hasScannedForEncodings = 0;
			knownRegions = (
				en,
				Base,
			);
			mainGroup = 65680066221C8F0C009EEC96;
			productRefGroup = 65680070221C8F0C009EEC96 /* Products */;
			projectDirPath = "";
			projectRoot = "";
			targets = (
				65680087221C9149009EEC96 /* ToolBarDemo */,
				655F19BE221DA0AB00CDEF66 /* BannerDemo */,
				655F19DA221DA80C00CDEF66 /* TestBundle */,
				6527AA36221DCD8800144C80 /* UserDemo */,
				65F572FE221EE80E007D7541 /* XibTableDemo */,
				65E6292E221F9B1D00D46BD8 /* CallDemo */,
				65E629B022210D1D00D46BD8 /* ScrollViewDemo */,
			);
		};
/* End PBXProject section */

/* Begin PBXResourcesBuildPhase section */
		6527AA35221DCD8800144C80 /* Resources */ = {
			isa = PBXResourcesBuildPhase;
			buildActionMask = 2147483647;
			files = (
				6527AA44221DCD8900144C80 /* LaunchScreen.storyboard in Resources */,
				6527AA4A221DCDB300144C80 /* User.storyboard in Resources */,
				6527AA41221DCD8900144C80 /* Assets.xcassets in Resources */,
				6527AA3F221DCD8800144C80 /* Main.storyboard in Resources */,
			);
			runOnlyForDeploymentPostprocessing = 0;
		};
		655F19BD221DA0AB00CDEF66 /* Resources */ = {
			isa = PBXResourcesBuildPhase;
			buildActionMask = 2147483647;
			files = (
				655F19CC221DA0AC00CDEF66 /* LaunchScreen.storyboard in Resources */,
				655F19C9221DA0AC00CDEF66 /* Assets.xcassets in Resources */,
				655F19C7221DA0AB00CDEF66 /* Main.storyboard in Resources */,
				6527AA32221DAD9C00144C80 /* TestBundle.bundle in Resources */,
			);
			runOnlyForDeploymentPostprocessing = 0;
		};
		655F19D9221DA80C00CDEF66 /* Resources */ = {
			isa = PBXResourcesBuildPhase;
			buildActionMask = 2147483647;
			files = (
				6527AA2F221DAD8000144C80 /* mine@3x.png in Resources */,
				6527AA30221DAD8000144C80 /* mine@2x.png in Resources */,
			);
			runOnlyForDeploymentPostprocessing = 0;
		};
		65680086221C9149009EEC96 /* Resources */ = {
			isa = PBXResourcesBuildPhase;
			buildActionMask = 2147483647;
			files = (
				65680095221C914A009EEC96 /* LaunchScreen.storyboard in Resources */,
				656800A5221CA1CC009EEC96 /* ToolBar.xib in Resources */,
				65680092221C914A009EEC96 /* Assets.xcassets in Resources */,
				65680090221C9149009EEC96 /* Main.storyboard in Resources */,
			);
			runOnlyForDeploymentPostprocessing = 0;
		};
		65E6292D221F9B1D00D46BD8 /* Resources */ = {
			isa = PBXResourcesBuildPhase;
			buildActionMask = 2147483647;
			files = (
				65E6293C221F9B2000D46BD8 /* LaunchScreen.storyboard in Resources */,
				65E62939221F9B2000D46BD8 /* Assets.xcassets in Resources */,
				65E62937221F9B1E00D46BD8 /* Main.storyboard in Resources */,
			);
			runOnlyForDeploymentPostprocessing = 0;
		};
		65E629AF22210D1D00D46BD8 /* Resources */ = {
			isa = PBXResourcesBuildPhase;
			buildActionMask = 2147483647;
			files = (
				65E629BE22210D1E00D46BD8 /* LaunchScreen.storyboard in Resources */,
				65E629BB22210D1E00D46BD8 /* Assets.xcassets in Resources */,
				65E629C4222185B200D46BD8 /* Note.strings in Resources */,
				65E629B922210D1D00D46BD8 /* Main.storyboard in Resources */,
			);
			runOnlyForDeploymentPostprocessing = 0;
		};
		65F572FD221EE80E007D7541 /* Resources */ = {
			isa = PBXResourcesBuildPhase;
			buildActionMask = 2147483647;
			files = (
				65F5730C221EE810007D7541 /* LaunchScreen.storyboard in Resources */,
				65F57318221F1A3D007D7541 /* NewAssets.xcassets in Resources */,
				65F57316221EF0C6007D7541 /* TestCell.xib in Resources */,
				65F57312221EE875007D7541 /* ViewController.xib in Resources */,
				65F57309221EE810007D7541 /* Assets.xcassets in Resources */,
			);
			runOnlyForDeploymentPostprocessing = 0;
		};
/* End PBXResourcesBuildPhase section */

/* Begin PBXSourcesBuildPhase section */
		6527AA33221DCD8800144C80 /* Sources */ = {
			isa = PBXSourcesBuildPhase;
			buildActionMask = 2147483647;
			files = (
				6527AA4C221DCE0300144C80 /* SettingController.swift in Sources */,
				6527AA3C221DCD8800144C80 /* ViewController.swift in Sources */,
				6527AA3A221DCD8800144C80 /* AppDelegate.swift in Sources */,
				6527AA4E221DCE1400144C80 /* ProfileController.swift in Sources */,
			);
			runOnlyForDeploymentPostprocessing = 0;
		};
		655F19BB221DA0AB00CDEF66 /* Sources */ = {
			isa = PBXSourcesBuildPhase;
			buildActionMask = 2147483647;
			files = (
				655F19C4221DA0AB00CDEF66 /* ViewController.swift in Sources */,
				655F19C2221DA0AB00CDEF66 /* AppDelegate.swift in Sources */,
			);
			runOnlyForDeploymentPostprocessing = 0;
		};
		655F19D7221DA80C00CDEF66 /* Sources */ = {
			isa = PBXSourcesBuildPhase;
			buildActionMask = 2147483647;
			files = (
			);
			runOnlyForDeploymentPostprocessing = 0;
		};
		65680084221C9149009EEC96 /* Sources */ = {
			isa = PBXSourcesBuildPhase;
			buildActionMask = 2147483647;
			files = (
				6568008D221C9149009EEC96 /* ViewController.swift in Sources */,
				6568008B221C9149009EEC96 /* AppDelegate.swift in Sources */,
				656800A3221CA1BC009EEC96 /* ToolBar.swift in Sources */,
			);
			runOnlyForDeploymentPostprocessing = 0;
		};
		65E6292B221F9B1D00D46BD8 /* Sources */ = {
			isa = PBXSourcesBuildPhase;
			buildActionMask = 2147483647;
			files = (
				65E62934221F9B1E00D46BD8 /* ViewController.swift in Sources */,
				65E62932221F9B1E00D46BD8 /* AppDelegate.swift in Sources */,
			);
			runOnlyForDeploymentPostprocessing = 0;
		};
		65E629AD22210D1D00D46BD8 /* Sources */ = {
			isa = PBXSourcesBuildPhase;
			buildActionMask = 2147483647;
			files = (
				65E629B622210D1D00D46BD8 /* ViewController.swift in Sources */,
				65E629B422210D1D00D46BD8 /* AppDelegate.swift in Sources */,
			);
			runOnlyForDeploymentPostprocessing = 0;
		};
		65F572FB221EE80E007D7541 /* Sources */ = {
			isa = PBXSourcesBuildPhase;
			buildActionMask = 2147483647;
			files = (
				65F57304221EE80E007D7541 /* ViewController.swift in Sources */,
				65F57314221EF094007D7541 /* TestCell.swift in Sources */,
				65F57302221EE80E007D7541 /* AppDelegate.swift in Sources */,
			);
			runOnlyForDeploymentPostprocessing = 0;
		};
/* End PBXSourcesBuildPhase section */

/* Begin PBXVariantGroup section */
		6527AA3D221DCD8800144C80 /* Main.storyboard */ = {
			isa = PBXVariantGroup;
			children = (
				6527AA3E221DCD8800144C80 /* Base */,
			);
			name = Main.storyboard;
			sourceTree = "<group>";
		};
		6527AA42221DCD8900144C80 /* LaunchScreen.storyboard */ = {
			isa = PBXVariantGroup;
			children = (
				6527AA43221DCD8900144C80 /* Base */,
			);
			name = LaunchScreen.storyboard;
			sourceTree = "<group>";
		};
		655F19C5221DA0AB00CDEF66 /* Main.storyboard */ = {
			isa = PBXVariantGroup;
			children = (
				655F19C6221DA0AB00CDEF66 /* Base */,
			);
			name = Main.storyboard;
			sourceTree = "<group>";
		};
		655F19CA221DA0AC00CDEF66 /* LaunchScreen.storyboard */ = {
			isa = PBXVariantGroup;
			children = (
				655F19CB221DA0AC00CDEF66 /* Base */,
			);
			name = LaunchScreen.storyboard;
			sourceTree = "<group>";
		};
		6568008E221C9149009EEC96 /* Main.storyboard */ = {
			isa = PBXVariantGroup;
			children = (
				6568008F221C9149009EEC96 /* Base */,
			);
			name = Main.storyboard;
			sourceTree = "<group>";
		};
		65680093221C914A009EEC96 /* LaunchScreen.storyboard */ = {
			isa = PBXVariantGroup;
			children = (
				65680094221C914A009EEC96 /* Base */,
			);
			name = LaunchScreen.storyboard;
			sourceTree = "<group>";
		};
		65E62935221F9B1E00D46BD8 /* Main.storyboard */ = {
			isa = PBXVariantGroup;
			children = (
				65E62936221F9B1E00D46BD8 /* Base */,
			);
			name = Main.storyboard;
			sourceTree = "<group>";
		};
		65E6293A221F9B2000D46BD8 /* LaunchScreen.storyboard */ = {
			isa = PBXVariantGroup;
			children = (
				65E6293B221F9B2000D46BD8 /* Base */,
			);
			name = LaunchScreen.storyboard;
			sourceTree = "<group>";
		};
		65E629B722210D1D00D46BD8 /* Main.storyboard */ = {
			isa = PBXVariantGroup;
			children = (
				65E629B822210D1D00D46BD8 /* Base */,
			);
			name = Main.storyboard;
			sourceTree = "<group>";
		};
		65E629BC22210D1E00D46BD8 /* LaunchScreen.storyboard */ = {
			isa = PBXVariantGroup;
			children = (
				65E629BD22210D1E00D46BD8 /* Base */,
			);
			name = LaunchScreen.storyboard;
			sourceTree = "<group>";
		};
		65F5730A221EE810007D7541 /* LaunchScreen.storyboard */ = {
			isa = PBXVariantGroup;
			children = (
				65F5730B221EE810007D7541 /* Base */,
			);
			name = LaunchScreen.storyboard;
			sourceTree = "<group>";
		};
/* End PBXVariantGroup section */

/* Begin XCBuildConfiguration section */
		6527AA47221DCD8900144C80 /* Debug */ = {
			isa = XCBuildConfiguration;
			buildSettings = {
				ASSETCATALOG_COMPILER_APPICON_NAME = AppIcon;
				CODE_SIGN_STYLE = Automatic;
				DEVELOPMENT_TEAM = 8Y7626TS68;
				INFOPLIST_FILE = UserDemo/Info.plist;
				LD_RUNPATH_SEARCH_PATHS = (
					"$(inherited)",
					"@executable_path/Frameworks",
				);
				PRODUCT_BUNDLE_IDENTIFIER = Yi.UserDemo;
				PRODUCT_NAME = "$(TARGET_NAME)";
				SWIFT_VERSION = 4.2;
				TARGETED_DEVICE_FAMILY = "1,2";
			};
			name = Debug;
		};
		6527AA48221DCD8900144C80 /* Release */ = {
			isa = XCBuildConfiguration;
			buildSettings = {
				ASSETCATALOG_COMPILER_APPICON_NAME = AppIcon;
				CODE_SIGN_STYLE = Automatic;
				DEVELOPMENT_TEAM = 8Y7626TS68;
				INFOPLIST_FILE = UserDemo/Info.plist;
				LD_RUNPATH_SEARCH_PATHS = (
					"$(inherited)",
					"@executable_path/Frameworks",
				);
				PRODUCT_BUNDLE_IDENTIFIER = Yi.UserDemo;
				PRODUCT_NAME = "$(TARGET_NAME)";
				SWIFT_VERSION = 4.2;
				TARGETED_DEVICE_FAMILY = "1,2";
			};
			name = Release;
		};
		655F19CF221DA0AC00CDEF66 /* Debug */ = {
			isa = XCBuildConfiguration;
			buildSettings = {
				ASSETCATALOG_COMPILER_APPICON_NAME = AppIcon;
				CODE_SIGN_STYLE = Automatic;
				DEVELOPMENT_TEAM = 8Y7626TS68;
				INFOPLIST_FILE = BannerDemo/Info.plist;
				LD_RUNPATH_SEARCH_PATHS = (
					"$(inherited)",
					"@executable_path/Frameworks",
				);
				PRODUCT_BUNDLE_IDENTIFIER = Yi.BannerDemo;
				PRODUCT_NAME = "$(TARGET_NAME)";
				SUPPORTED_PLATFORMS = "iphonesimulator iphoneos";
				SWIFT_VERSION = 4.2;
				TARGETED_DEVICE_FAMILY = "1,2";
			};
			name = Debug;
		};
		655F19D0221DA0AC00CDEF66 /* Release */ = {
			isa = XCBuildConfiguration;
			buildSettings = {
				ASSETCATALOG_COMPILER_APPICON_NAME = AppIcon;
				CODE_SIGN_STYLE = Automatic;
				DEVELOPMENT_TEAM = 8Y7626TS68;
				INFOPLIST_FILE = BannerDemo/Info.plist;
				LD_RUNPATH_SEARCH_PATHS = (
					"$(inherited)",
					"@executable_path/Frameworks",
				);
				PRODUCT_BUNDLE_IDENTIFIER = Yi.BannerDemo;
				PRODUCT_NAME = "$(TARGET_NAME)";
				SUPPORTED_PLATFORMS = "iphonesimulator iphoneos";
				SWIFT_VERSION = 4.2;
				TARGETED_DEVICE_FAMILY = "1,2";
			};
			name = Release;
		};
		655F19DF221DA80C00CDEF66 /* Debug */ = {
			isa = XCBuildConfiguration;
			buildSettings = {
				CODE_SIGN_IDENTITY = "Mac Developer";
				CODE_SIGN_STYLE = Automatic;
				COMBINE_HIDPI_IMAGES = YES;
				DEVELOPMENT_TEAM = 8Y7626TS68;
				INFOPLIST_FILE = TestBundle/Info.plist;
				INSTALL_PATH = "$(LOCAL_LIBRARY_DIR)/Bundles";
				MACOSX_DEPLOYMENT_TARGET = 10.14;
				PRODUCT_BUNDLE_IDENTIFIER = Yi.TestBundle;
				PRODUCT_NAME = "$(TARGET_NAME)";
				SDKROOT = macosx;
				SKIP_INSTALL = YES;
				SUPPORTED_PLATFORMS = "iphonesimulator iphoneos";
				WRAPPER_EXTENSION = bundle;
			};
			name = Debug;
		};
		655F19E0221DA80C00CDEF66 /* Release */ = {
			isa = XCBuildConfiguration;
			buildSettings = {
				CODE_SIGN_IDENTITY = "Mac Developer";
				CODE_SIGN_STYLE = Automatic;
				COMBINE_HIDPI_IMAGES = YES;
				DEVELOPMENT_TEAM = 8Y7626TS68;
				INFOPLIST_FILE = TestBundle/Info.plist;
				INSTALL_PATH = "$(LOCAL_LIBRARY_DIR)/Bundles";
				MACOSX_DEPLOYMENT_TARGET = 10.14;
				PRODUCT_BUNDLE_IDENTIFIER = Yi.TestBundle;
				PRODUCT_NAME = "$(TARGET_NAME)";
				SDKROOT = macosx;
				SKIP_INSTALL = YES;
				SUPPORTED_PLATFORMS = "iphonesimulator iphoneos";
				WRAPPER_EXTENSION = bundle;
			};
			name = Release;
		};
		6568007F221C8F0D009EEC96 /* Debug */ = {
			isa = XCBuildConfiguration;
			buildSettings = {
				ALWAYS_SEARCH_USER_PATHS = NO;
				CLANG_ANALYZER_NONNULL = YES;
				CLANG_ANALYZER_NUMBER_OBJECT_CONVERSION = YES_AGGRESSIVE;
				CLANG_CXX_LANGUAGE_STANDARD = "gnu++14";
				CLANG_CXX_LIBRARY = "libc++";
				CLANG_ENABLE_MODULES = YES;
				CLANG_ENABLE_OBJC_ARC = YES;
				CLANG_ENABLE_OBJC_WEAK = YES;
				CLANG_WARN_BLOCK_CAPTURE_AUTORELEASING = YES;
				CLANG_WARN_BOOL_CONVERSION = YES;
				CLANG_WARN_COMMA = YES;
				CLANG_WARN_CONSTANT_CONVERSION = YES;
				CLANG_WARN_DEPRECATED_OBJC_IMPLEMENTATIONS = YES;
				CLANG_WARN_DIRECT_OBJC_ISA_USAGE = YES_ERROR;
				CLANG_WARN_DOCUMENTATION_COMMENTS = YES;
				CLANG_WARN_EMPTY_BODY = YES;
				CLANG_WARN_ENUM_CONVERSION = YES;
				CLANG_WARN_INFINITE_RECURSION = YES;
				CLANG_WARN_INT_CONVERSION = YES;
				CLANG_WARN_NON_LITERAL_NULL_CONVERSION = YES;
				CLANG_WARN_OBJC_IMPLICIT_RETAIN_SELF = YES;
				CLANG_WARN_OBJC_LITERAL_CONVERSION = YES;
				CLANG_WARN_OBJC_ROOT_CLASS = YES_ERROR;
				CLANG_WARN_RANGE_LOOP_ANALYSIS = YES;
				CLANG_WARN_STRICT_PROTOTYPES = YES;
				CLANG_WARN_SUSPICIOUS_MOVE = YES;
				CLANG_WARN_UNGUARDED_AVAILABILITY = YES_AGGRESSIVE;
				CLANG_WARN_UNREACHABLE_CODE = YES;
				CLANG_WARN__DUPLICATE_METHOD_MATCH = YES;
				CODE_SIGN_IDENTITY = "iPhone Developer";
				COPY_PHASE_STRIP = NO;
				DEBUG_INFORMATION_FORMAT = dwarf;
				ENABLE_STRICT_OBJC_MSGSEND = YES;
				ENABLE_TESTABILITY = YES;
				GCC_C_LANGUAGE_STANDARD = gnu11;
				GCC_DYNAMIC_NO_PIC = NO;
				GCC_NO_COMMON_BLOCKS = YES;
				GCC_OPTIMIZATION_LEVEL = 0;
				GCC_PREPROCESSOR_DEFINITIONS = (
					"DEBUG=1",
					"$(inherited)",
				);
				GCC_WARN_64_TO_32_BIT_CONVERSION = YES;
				GCC_WARN_ABOUT_RETURN_TYPE = YES_ERROR;
				GCC_WARN_UNDECLARED_SELECTOR = YES;
				GCC_WARN_UNINITIALIZED_AUTOS = YES_AGGRESSIVE;
				GCC_WARN_UNUSED_FUNCTION = YES;
				GCC_WARN_UNUSED_VARIABLE = YES;
				IPHONEOS_DEPLOYMENT_TARGET = 12.1;
				MTL_ENABLE_DEBUG_INFO = INCLUDE_SOURCE;
				MTL_FAST_MATH = YES;
				ONLY_ACTIVE_ARCH = YES;
				SDKROOT = iphoneos;
				SWIFT_ACTIVE_COMPILATION_CONDITIONS = DEBUG;
				SWIFT_OPTIMIZATION_LEVEL = "-Onone";
			};
			name = Debug;
		};
		65680080221C8F0D009EEC96 /* Release */ = {
			isa = XCBuildConfiguration;
			buildSettings = {
				ALWAYS_SEARCH_USER_PATHS = NO;
				CLANG_ANALYZER_NONNULL = YES;
				CLANG_ANALYZER_NUMBER_OBJECT_CONVERSION = YES_AGGRESSIVE;
				CLANG_CXX_LANGUAGE_STANDARD = "gnu++14";
				CLANG_CXX_LIBRARY = "libc++";
				CLANG_ENABLE_MODULES = YES;
				CLANG_ENABLE_OBJC_ARC = YES;
				CLANG_ENABLE_OBJC_WEAK = YES;
				CLANG_WARN_BLOCK_CAPTURE_AUTORELEASING = YES;
				CLANG_WARN_BOOL_CONVERSION = YES;
				CLANG_WARN_COMMA = YES;
				CLANG_WARN_CONSTANT_CONVERSION = YES;
				CLANG_WARN_DEPRECATED_OBJC_IMPLEMENTATIONS = YES;
				CLANG_WARN_DIRECT_OBJC_ISA_USAGE = YES_ERROR;
				CLANG_WARN_DOCUMENTATION_COMMENTS = YES;
				CLANG_WARN_EMPTY_BODY = YES;
				CLANG_WARN_ENUM_CONVERSION = YES;
				CLANG_WARN_INFINITE_RECURSION = YES;
				CLANG_WARN_INT_CONVERSION = YES;
				CLANG_WARN_NON_LITERAL_NULL_CONVERSION = YES;
				CLANG_WARN_OBJC_IMPLICIT_RETAIN_SELF = YES;
				CLANG_WARN_OBJC_LITERAL_CONVERSION = YES;
				CLANG_WARN_OBJC_ROOT_CLASS = YES_ERROR;
				CLANG_WARN_RANGE_LOOP_ANALYSIS = YES;
				CLANG_WARN_STRICT_PROTOTYPES = YES;
				CLANG_WARN_SUSPICIOUS_MOVE = YES;
				CLANG_WARN_UNGUARDED_AVAILABILITY = YES_AGGRESSIVE;
				CLANG_WARN_UNREACHABLE_CODE = YES;
				CLANG_WARN__DUPLICATE_METHOD_MATCH = YES;
				CODE_SIGN_IDENTITY = "iPhone Developer";
				COPY_PHASE_STRIP = NO;
				DEBUG_INFORMATION_FORMAT = "dwarf-with-dsym";
				ENABLE_NS_ASSERTIONS = NO;
				ENABLE_STRICT_OBJC_MSGSEND = YES;
				GCC_C_LANGUAGE_STANDARD = gnu11;
				GCC_NO_COMMON_BLOCKS = YES;
				GCC_WARN_64_TO_32_BIT_CONVERSION = YES;
				GCC_WARN_ABOUT_RETURN_TYPE = YES_ERROR;
				GCC_WARN_UNDECLARED_SELECTOR = YES;
				GCC_WARN_UNINITIALIZED_AUTOS = YES_AGGRESSIVE;
				GCC_WARN_UNUSED_FUNCTION = YES;
				GCC_WARN_UNUSED_VARIABLE = YES;
				IPHONEOS_DEPLOYMENT_TARGET = 12.1;
				MTL_ENABLE_DEBUG_INFO = NO;
				MTL_FAST_MATH = YES;
				SDKROOT = iphoneos;
				SWIFT_COMPILATION_MODE = wholemodule;
				SWIFT_OPTIMIZATION_LEVEL = "-O";
				VALIDATE_PRODUCT = YES;
			};
			name = Release;
		};
		65680098221C914A009EEC96 /* Debug */ = {
			isa = XCBuildConfiguration;
			buildSettings = {
				ASSETCATALOG_COMPILER_APPICON_NAME = AppIcon;
				CODE_SIGN_STYLE = Automatic;
				DEVELOPMENT_TEAM = 8Y7626TS68;
				INFOPLIST_FILE = ToolBarDemo/Info.plist;
				LD_RUNPATH_SEARCH_PATHS = (
					"$(inherited)",
					"@executable_path/Frameworks",
				);
				PRODUCT_BUNDLE_IDENTIFIER = Yi.ToolBarDemo;
				PRODUCT_NAME = "$(TARGET_NAME)";
				SWIFT_VERSION = 4.2;
				TARGETED_DEVICE_FAMILY = "1,2";
			};
			name = Debug;
		};
		65680099221C914A009EEC96 /* Release */ = {
			isa = XCBuildConfiguration;
			buildSettings = {
				ASSETCATALOG_COMPILER_APPICON_NAME = AppIcon;
				CODE_SIGN_STYLE = Automatic;
				DEVELOPMENT_TEAM = 8Y7626TS68;
				INFOPLIST_FILE = ToolBarDemo/Info.plist;
				LD_RUNPATH_SEARCH_PATHS = (
					"$(inherited)",
					"@executable_path/Frameworks",
				);
				PRODUCT_BUNDLE_IDENTIFIER = Yi.ToolBarDemo;
				PRODUCT_NAME = "$(TARGET_NAME)";
				SWIFT_VERSION = 4.2;
				TARGETED_DEVICE_FAMILY = "1,2";
			};
			name = Release;
		};
		65E6293E221F9B2000D46BD8 /* Debug */ = {
			isa = XCBuildConfiguration;
			buildSettings = {
				ASSETCATALOG_COMPILER_APPICON_NAME = AppIcon;
				CODE_SIGN_STYLE = Automatic;
				DEVELOPMENT_TEAM = 8Y7626TS68;
				INFOPLIST_FILE = CallDemo/Info.plist;
				LD_RUNPATH_SEARCH_PATHS = (
					"$(inherited)",
					"@executable_path/Frameworks",
				);
				PRODUCT_BUNDLE_IDENTIFIER = Yi.CallDemo;
				PRODUCT_NAME = "$(TARGET_NAME)";
				SWIFT_VERSION = 4.2;
				TARGETED_DEVICE_FAMILY = "1,2";
			};
			name = Debug;
		};
		65E6293F221F9B2000D46BD8 /* Release */ = {
			isa = XCBuildConfiguration;
			buildSettings = {
				ASSETCATALOG_COMPILER_APPICON_NAME = AppIcon;
				CODE_SIGN_STYLE = Automatic;
				DEVELOPMENT_TEAM = 8Y7626TS68;
				INFOPLIST_FILE = CallDemo/Info.plist;
				LD_RUNPATH_SEARCH_PATHS = (
					"$(inherited)",
					"@executable_path/Frameworks",
				);
				PRODUCT_BUNDLE_IDENTIFIER = Yi.CallDemo;
				PRODUCT_NAME = "$(TARGET_NAME)";
				SWIFT_VERSION = 4.2;
				TARGETED_DEVICE_FAMILY = "1,2";
			};
			name = Release;
		};
		65E629C122210D1E00D46BD8 /* Debug */ = {
			isa = XCBuildConfiguration;
			buildSettings = {
				ASSETCATALOG_COMPILER_APPICON_NAME = AppIcon;
				CODE_SIGN_STYLE = Automatic;
				DEVELOPMENT_TEAM = 8Y7626TS68;
				INFOPLIST_FILE = ScrollViewDemo/Info.plist;
				LD_RUNPATH_SEARCH_PATHS = (
					"$(inherited)",
					"@executable_path/Frameworks",
				);
				PRODUCT_BUNDLE_IDENTIFIER = Yi.ScrollViewDemo;
				PRODUCT_NAME = "$(TARGET_NAME)";
				SWIFT_VERSION = 4.2;
				TARGETED_DEVICE_FAMILY = "1,2";
			};
			name = Debug;
		};
		65E629C222210D1E00D46BD8 /* Release */ = {
			isa = XCBuildConfiguration;
			buildSettings = {
				ASSETCATALOG_COMPILER_APPICON_NAME = AppIcon;
				CODE_SIGN_STYLE = Automatic;
				DEVELOPMENT_TEAM = 8Y7626TS68;
				INFOPLIST_FILE = ScrollViewDemo/Info.plist;
				LD_RUNPATH_SEARCH_PATHS = (
					"$(inherited)",
					"@executable_path/Frameworks",
				);
				PRODUCT_BUNDLE_IDENTIFIER = Yi.ScrollViewDemo;
				PRODUCT_NAME = "$(TARGET_NAME)";
				SWIFT_VERSION = 4.2;
				TARGETED_DEVICE_FAMILY = "1,2";
			};
			name = Release;
		};
		65F5730E221EE810007D7541 /* Debug */ = {
			isa = XCBuildConfiguration;
			buildSettings = {
				ASSETCATALOG_COMPILER_APPICON_NAME = AppIcon;
				CODE_SIGN_STYLE = Automatic;
				DEVELOPMENT_TEAM = 8Y7626TS68;
				INFOPLIST_FILE = XibTableDemo/Info.plist;
				LD_RUNPATH_SEARCH_PATHS = (
					"$(inherited)",
					"@executable_path/Frameworks",
				);
				PRODUCT_BUNDLE_IDENTIFIER = Yi.XibTableDemo;
				PRODUCT_NAME = "$(TARGET_NAME)";
				SWIFT_VERSION = 4.2;
				TARGETED_DEVICE_FAMILY = "1,2";
			};
			name = Debug;
		};
		65F5730F221EE810007D7541 /* Release */ = {
			isa = XCBuildConfiguration;
			buildSettings = {
				ASSETCATALOG_COMPILER_APPICON_NAME = AppIcon;
				CODE_SIGN_STYLE = Automatic;
				DEVELOPMENT_TEAM = 8Y7626TS68;
				INFOPLIST_FILE = XibTableDemo/Info.plist;
				LD_RUNPATH_SEARCH_PATHS = (
					"$(inherited)",
					"@executable_path/Frameworks",
				);
				PRODUCT_BUNDLE_IDENTIFIER = Yi.XibTableDemo;
				PRODUCT_NAME = "$(TARGET_NAME)";
				SWIFT_VERSION = 4.2;
				TARGETED_DEVICE_FAMILY = "1,2";
			};
			name = Release;
		};
/* End XCBuildConfiguration section */

/* Begin XCConfigurationList section */
		6527AA46221DCD8900144C80 /* Build configuration list for PBXNativeTarget "UserDemo" */ = {
			isa = XCConfigurationList;
			buildConfigurations = (
				6527AA47221DCD8900144C80 /* Debug */,
				6527AA48221DCD8900144C80 /* Release */,
			);
			defaultConfigurationIsVisible = 0;
			defaultConfigurationName = Release;
		};
		655F19CE221DA0AC00CDEF66 /* Build configuration list for PBXNativeTarget "BannerDemo" */ = {
			isa = XCConfigurationList;
			buildConfigurations = (
				655F19CF221DA0AC00CDEF66 /* Debug */,
				655F19D0221DA0AC00CDEF66 /* Release */,
			);
			defaultConfigurationIsVisible = 0;
			defaultConfigurationName = Release;
		};
		655F19DE221DA80C00CDEF66 /* Build configuration list for PBXNativeTarget "TestBundle" */ = {
			isa = XCConfigurationList;
			buildConfigurations = (
				655F19DF221DA80C00CDEF66 /* Debug */,
				655F19E0221DA80C00CDEF66 /* Release */,
			);
			defaultConfigurationIsVisible = 0;
			defaultConfigurationName = Release;
		};
		6568006A221C8F0C009EEC96 /* Build configuration list for PBXProject "iOS_UI_Demos" */ = {
			isa = XCConfigurationList;
			buildConfigurations = (
				6568007F221C8F0D009EEC96 /* Debug */,
				65680080221C8F0D009EEC96 /* Release */,
			);
			defaultConfigurationIsVisible = 0;
			defaultConfigurationName = Release;
		};
		65680097221C914A009EEC96 /* Build configuration list for PBXNativeTarget "ToolBarDemo" */ = {
			isa = XCConfigurationList;
			buildConfigurations = (
				65680098221C914A009EEC96 /* Debug */,
				65680099221C914A009EEC96 /* Release */,
			);
			defaultConfigurationIsVisible = 0;
			defaultConfigurationName = Release;
		};
		65E62940221F9B2000D46BD8 /* Build configuration list for PBXNativeTarget "CallDemo" */ = {
			isa = XCConfigurationList;
			buildConfigurations = (
				65E6293E221F9B2000D46BD8 /* Debug */,
				65E6293F221F9B2000D46BD8 /* Release */,
			);
			defaultConfigurationIsVisible = 0;
			defaultConfigurationName = Release;
		};
		65E629C022210D1E00D46BD8 /* Build configuration list for PBXNativeTarget "ScrollViewDemo" */ = {
			isa = XCConfigurationList;
			buildConfigurations = (
				65E629C122210D1E00D46BD8 /* Debug */,
				65E629C222210D1E00D46BD8 /* Release */,
			);
			defaultConfigurationIsVisible = 0;
			defaultConfigurationName = Release;
		};
		65F57310221EE810007D7541 /* Build configuration list for PBXNativeTarget "XibTableDemo" */ = {
			isa = XCConfigurationList;
			buildConfigurations = (
				65F5730E221EE810007D7541 /* Debug */,
				65F5730F221EE810007D7541 /* Release */,
			);
			defaultConfigurationIsVisible = 0;
			defaultConfigurationName = Release;
		};
/* End XCConfigurationList section */
	};
	rootObject = 65680067221C8F0C009EEC96 /* Project object */;
}
